<?xml version="1.0" encoding="UTF-8"?>
<Project ToolsVersion="14.0" xmlns="http://schemas.microsoft.com/developer/msbuild/2003">
  <ItemGroup>
    <CustomBuild Include="C:\Development\Projects\AIR\bin_x64\CMakeFiles\53bc592e67d292ef8e5fd9119c0a3fcb\generate.stamp.rule">
      <Filter>CMake Rules</Filter>
    </CustomBuild>
  </ItemGroup>
  <ItemGroup>
    <Filter Include="CMake Rules">
      <UniqueIdentifier>{C64566D2-CF0D-410B-B12D-8F6EA960EB39}</UniqueIdentifier>
    </Filter>
  </ItemGroup>
</Project>
